
Microsoft Visual Studio Solution File, Format Version 12.00
# Visual Studio 15
VisualStudioVersion = 15.0.28010.2036
MinimumVisualStudioVersion = 10.0.40219.1
Project("{8BC9CEB8-8B4A-11D0-8D11-00A0C91BC942}") = "TestGame", "TestGame\TestGame.vcxproj", "{98875323-92BE-4065-B469-A34794DB72AB}"
EndProject
Project("{8BC9CEB8-8B4A-11D0-8D11-00A0C91BC942}") = "Pmkyn", "Pmkyn\Pmkyn.vcxproj", "{7F323542-3E78-42D1-B6CF-EB5712B94331}"
EndProject
Global
	GlobalSection(SolutionConfigurationPlatforms) = preSolution
		Debug|x64 = Debug|x64
		Release|x64 = Release|x64
	EndGlobalSection
	GlobalSection(ProjectConfigurationPlatforms) = postSolution
		{7F323542-3E78-42D1-B6CF-EB5712B94331}.Debug|x64.ActiveCfg = Debug|x64
		{7F323542-3E78-42D1-B6CF-EB5712B94331}.Debug|x64.Build.0 = Debug|x64
		{7F323542-3E78-42D1-B6CF-EB5712B94331}.Release|x64.ActiveCfg = Release|x64
		{7F323542-3E78-42D1-B6CF-EB5712B94331}.Release|x64.Build.0 = Release|x64
		{98875323-92BE-4065-B469-A34794DB72AB}.Debug|x64.ActiveCfg = Debug|x64
		{98875323-92BE-4065-B469-A34794DB72AB}.Debug|x64.Build.0 = Debug|x64
		{98875323-92BE-4065-B469-A34794DB72AB}.Release|x64.ActiveCfg = Release|x64
		{98875323-92BE-4065-B469-A34794DB72AB}.Release|x64.Build.0 = Release|x64
	EndGlobalSection
	GlobalSection(SolutionProperties) = preSolution
		HideSolutionNode = FALSE
	EndGlobalSection
	GlobalSection(ExtensibilityGlobals) = postSolution
		SolutionGuid = {711B9F37-9987-4099-96F0-B0F73D2E0AEF}
	EndGlobalSection
EndGlobal
